
Microsoft Visual Studio Solution File, Format Version 11.00
# Visual Studio 2010
Project("{FAE04EC0-301F-11D3-BF4B-00C04F79EFBC}") = "Bilet5", "Bilet5\Bilet5.csproj", "{0B62FB67-91C4-4D77-A2A0-B58318F67A90}"
EndProject
Global
	GlobalSection(SolutionConfigurationPlatforms) = preSolution
		Debug|x86 = Debug|x86
		Release|x86 = Release|x86
	EndGlobalSection
	GlobalSection(ProjectConfigurationPlatforms) = postSolution
		{0B62FB67-91C4-4D77-A2A0-B58318F67A90}.Debug|x86.ActiveCfg = Debug|x86
		{0B62FB67-91C4-4D77-A2A0-B58318F67A90}.Debug|x86.Build.0 = Debug|x86
		{0B62FB67-91C4-4D77-A2A0-B58318F67A90}.Release|x86.ActiveCfg = Release|x86
		{0B62FB67-91C4-4D77-A2A0-B58318F67A90}.Release|x86.Build.0 = Release|x86
	EndGlobalSection
	GlobalSection(SolutionProperties) = preSolution
		HideSolutionNode = FALSE
	EndGlobalSection
EndGlobal
